// !$*UTF8*$!
{
	archiveVersion = 1;
	classes = {
	};
	objectVersion = 55;
	objects = {

/* Begin PBXBuildFile section */
		08AFD5F527C638CF00421DAD /* AppDelegate.swift in Sources */ = {isa = PBXBuildFile; fileRef = 08AFD5F427C638CF00421DAD /* AppDelegate.swift */; };
		08AFD5F727C638CF00421DAD /* SceneDelegate.swift in Sources */ = {isa = PBXBuildFile; fileRef = 08AFD5F627C638CF00421DAD /* SceneDelegate.swift */; };
		08AFD5F927C638CF00421DAD /* ViewController.swift in Sources */ = {isa = PBXBuildFile; fileRef = 08AFD5F827C638CF00421DAD /* ViewController.swift */; };
		08AFD5FC27C638CF00421DAD /* Main.storyboard in Resources */ = {isa = PBXBuildFile; fileRef = 08AFD5FA27C638CF00421DAD /* Main.storyboard */; };
		08AFD5FE27C638D200421DAD /* Assets.xcassets in Resources */ = {isa = PBXBuildFile; fileRef = 08AFD5FD27C638D200421DAD /* Assets.xcassets */; };
		08AFD60127C638D200421DAD /* LaunchScreen.storyboard in Resources */ = {isa = PBXBuildFile; fileRef = 08AFD5FF27C638D200421DAD /* LaunchScreen.storyboard */; };
		08AFD60C27C638D200421DAD /* KiliaroTestTests.swift in Sources */ = {isa = PBXBuildFile; fileRef = 08AFD60B27C638D200421DAD /* KiliaroTestTests.swift */; };
		08AFD61627C638D200421DAD /* KiliaroTestUITests.swift in Sources */ = {isa = PBXBuildFile; fileRef = 08AFD61527C638D200421DAD /* KiliaroTestUITests.swift */; };
		08AFD61827C638D200421DAD /* KiliaroTestUITestsLaunchTests.swift in Sources */ = {isa = PBXBuildFile; fileRef = 08AFD61727C638D200421DAD /* KiliaroTestUITestsLaunchTests.swift */; };
/* End PBXBuildFile section */

/* Begin PBXContainerItemProxy section */
		08AFD60827C638D200421DAD /* PBXContainerItemProxy */ = {
			isa = PBXContainerItemProxy;
			containerPortal = 08AFD5E927C638CF00421DAD /* Project object */;
			proxyType = 1;
			remoteGlobalIDString = 08AFD5F027C638CF00421DAD;
			remoteInfo = KiliaroTest;
		};
		08AFD61227C638D200421DAD /* PBXContainerItemProxy */ = {
			isa = PBXContainerItemProxy;
			containerPortal = 08AFD5E927C638CF00421DAD /* Project object */;
			proxyType = 1;
			remoteGlobalIDString = 08AFD5F027C638CF00421DAD;
			remoteInfo = KiliaroTest;
		};
/* End PBXContainerItemProxy section */

/* Begin PBXFileReference section */
		08AFD5F127C638CF00421DAD /* KiliaroTest.app */ = {isa = PBXFileReference; explicitFileType = wrapper.application; includeInIndex = 0; path = KiliaroTest.app; sourceTree = BUILT_PRODUCTS_DIR; };
		08AFD5F427C638CF00421DAD /* AppDelegate.swift */ = {isa = PBXFileReference; lastKnownFileType = sourcecode.swift; path = AppDelegate.swift; sourceTree = "<group>"; };
		08AFD5F627C638CF00421DAD /* SceneDelegate.swift */ = {isa = PBXFileReference; lastKnownFileType = sourcecode.swift; path = SceneDelegate.swift; sourceTree = "<group>"; };
		08AFD5F827C638CF00421DAD /* ViewController.swift */ = {isa = PBXFileReference; lastKnownFileType = sourcecode.swift; path = ViewController.swift; sourceTree = "<group>"; };
		08AFD5FB27C638CF00421DAD /* Base */ = {isa = PBXFileReference; lastKnownFileType = file.storyboard; name = Base; path = Base.lproj/Main.storyboard; sourceTree = "<group>"; };
		08AFD5FD27C638D200421DAD /* Assets.xcassets */ = {isa = PBXFileReference; lastKnownFileType = folder.assetcatalog; path = Assets.xcassets; sourceTree = "<group>"; };
		08AFD60027C638D200421DAD /* Base */ = {isa = PBXFileReference; lastKnownFileType = file.storyboard; name = Base; path = Base.lproj/LaunchScreen.storyboard; sourceTree = "<group>"; };
		08AFD60227C638D200421DAD /* Info.plist */ = {isa = PBXFileReference; lastKnownFileType = text.plist.xml; path = Info.plist; sourceTree = "<group>"; };
		08AFD60727C638D200421DAD /* KiliaroTestTests.xctest */ = {isa = PBXFileReference; explicitFileType = wrapper.cfbundle; includeInIndex = 0; path = KiliaroTestTests.xctest; sourceTree = BUILT_PRODUCTS_DIR; };
		08AFD60B27C638D200421DAD /* KiliaroTestTests.swift */ = {isa = PBXFileReference; lastKnownFileType = sourcecode.swift; path = KiliaroTestTests.swift; sourceTree = "<group>"; };
		08AFD61127C638D200421DAD /* KiliaroTestUITests.xctest */ = {isa = PBXFileReference; explicitFileType = wrapper.cfbundle; includeInIndex = 0; path = KiliaroTestUITests.xctest; sourceTree = BUILT_PRODUCTS_DIR; };
		08AFD61527C638D200421DAD /* KiliaroTestUITests.swift */ = {isa = PBXFileReference; lastKnownFileType = sourcecode.swift; path = KiliaroTestUITests.swift; sourceTree = "<group>"; };
		08AFD61727C638D200421DAD /* KiliaroTestUITestsLaunchTests.swift */ = {isa = PBXFileReference; lastKnownFileType = sourcecode.swift; path = KiliaroTestUITestsLaunchTests.swift; sourceTree = "<group>"; };
/* End PBXFileReference section */

/* Begin PBXFrameworksBuildPhase section */
		08AFD5EE27C638CF00421DAD /* Frameworks */ = {
			isa = PBXFrameworksBuildPhase;
			buildActionMask = 2147483647;
			files = (
			);
			runOnlyForDeploymentPostprocessing = 0;
		};
		08AFD60427C638D200421DAD /* Frameworks */ = {
			isa = PBXFrameworksBuildPhase;
			buildActionMask = 2147483647;
			files = (
			);
			runOnlyForDeploymentPostprocessing = 0;
		};
		08AFD60E27C638D200421DAD /* Frameworks */ = {
			isa = PBXFrameworksBuildPhase;
			buildActionMask = 2147483647;
			files = (
			);
			runOnlyForDeploymentPostprocessing = 0;
		};
/* End PBXFrameworksBuildPhase section */

/* Begin PBXGroup section */
		08AFD5E827C638CF00421DAD = {
			isa = PBXGroup;
			children = (
				08AFD5F327C638CF00421DAD /* KiliaroTest */,
				08AFD60A27C638D200421DAD /* KiliaroTestTests */,
				08AFD61427C638D200421DAD /* KiliaroTestUITests */,
				08AFD5F227C638CF00421DAD /* Products */,
			);
			sourceTree = "<group>";
		};
		08AFD5F227C638CF00421DAD /* Products */ = {
			isa = PBXGroup;
			children = (
				08AFD5F127C638CF00421DAD /* KiliaroTest.app */,
				08AFD60727C638D200421DAD /* KiliaroTestTests.xctest */,
				08AFD61127C638D200421DAD /* KiliaroTestUITests.xctest */,
			);
			name = Products;
			sourceTree = "<group>";
		};
		08AFD5F327C638CF00421DAD /* KiliaroTest */ = {
			isa = PBXGroup;
			children = (
				08AFD5F427C638CF00421DAD /* AppDelegate.swift */,
				08AFD5F627C638CF00421DAD /* SceneDelegate.swift */,
				08AFD5F827C638CF00421DAD /* ViewController.swift */,
				08AFD5FA27C638CF00421DAD /* Main.storyboard */,
				08AFD5FD27C638D200421DAD /* Assets.xcassets */,
				08AFD5FF27C638D200421DAD /* LaunchScreen.storyboard */,
				08AFD60227C638D200421DAD /* Info.plist */,
			);
			path = KiliaroTest;
			sourceTree = "<group>";
		};
		08AFD60A27C638D200421DAD /* KiliaroTestTests */ = {
			isa = PBXGroup;
			children = (
				08AFD60B27C638D200421DAD /* KiliaroTestTests.swift */,
			);
			path = KiliaroTestTests;
			sourceTree = "<group>";
		};
		08AFD61427C638D200421DAD /* KiliaroTestUITests */ = {
			isa = PBXGroup;
			children = (
				08AFD61527C638D200421DAD /* KiliaroTestUITests.swift */,
				08AFD61727C638D200421DAD /* KiliaroTestUITestsLaunchTests.swift */,
			);
			path = KiliaroTestUITests;
			sourceTree = "<group>";
		};
/* End PBXGroup section */

/* Begin PBXNativeTarget section */
		08AFD5F027C638CF00421DAD /* KiliaroTest */ = {
			isa = PBXNativeTarget;
			buildConfigurationList = 08AFD61B27C638D200421DAD /* Build configuration list for PBXNativeTarget "KiliaroTest" */;
			buildPhases = (
				08AFD5ED27C638CF00421DAD /* Sources */,
				08AFD5EE27C638CF00421DAD /* Frameworks */,
				08AFD5EF27C638CF00421DAD /* Resources */,
			);
			buildRules = (
			);
			dependencies = (
			);
			name = KiliaroTest;
			productName = KiliaroTest;
			productReference = 08AFD5F127C638CF00421DAD /* KiliaroTest.app */;
			productType = "com.apple.product-type.application";
		};
		08AFD60627C638D200421DAD /* KiliaroTestTests */ = {
			isa = PBXNativeTarget;
			buildConfigurationList = 08AFD61E27C638D200421DAD /* Build configuration list for PBXNativeTarget "KiliaroTestTests" */;
			buildPhases = (
				08AFD60327C638D200421DAD /* Sources */,
				08AFD60427C638D200421DAD /* Frameworks */,
				08AFD60527C638D200421DAD /* Resources */,
			);
			buildRules = (
			);
			dependencies = (
				08AFD60927C638D200421DAD /* PBXTargetDependency */,
			);
			name = KiliaroTestTests;
			productName = KiliaroTestTests;
			productReference = 08AFD60727C638D200421DAD /* KiliaroTestTests.xctest */;
			productType = "com.apple.product-type.bundle.unit-test";
		};
		08AFD61027C638D200421DAD /* KiliaroTestUITests */ = {
			isa = PBXNativeTarget;
			buildConfigurationList = 08AFD62127C638D200421DAD /* Build configuration list for PBXNativeTarget "KiliaroTestUITests" */;
			buildPhases = (
				08AFD60D27C638D200421DAD /* Sources */,
				08AFD60E27C638D200421DAD /* Frameworks */,
				08AFD60F27C638D200421DAD /* Resources */,
			);
			buildRules = (
			);
			dependencies = (
				08AFD61327C638D200421DAD /* PBXTargetDependency */,
			);
			name = KiliaroTestUITests;
			productName = KiliaroTestUITests;
			productReference = 08AFD61127C638D200421DAD /* KiliaroTestUITests.xctest */;
			productType = "com.apple.product-type.bundle.ui-testing";
		};
/* End PBXNativeTarget section */

/* Begin PBXProject section */
		08AFD5E927C638CF00421DAD /* Project object */ = {
			isa = PBXProject;
			attributes = {
				BuildIndependentTargetsInParallel = 1;
				LastSwiftUpdateCheck = 1300;
				LastUpgradeCheck = 1300;
				TargetAttributes = {
					08AFD5F027C638CF00421DAD = {
						CreatedOnToolsVersion = 13.0;
					};
					08AFD60627C638D200421DAD = {
						CreatedOnToolsVersion = 13.0;
						TestTargetID = 08AFD5F027C638CF00421DAD;
					};
					08AFD61027C638D200421DAD = {
						CreatedOnToolsVersion = 13.0;
						TestTargetID = 08AFD5F027C638CF00421DAD;
					};
				};
			};
			buildConfigurationList = 08AFD5EC27C638CF00421DAD /* Build configuration list for PBXProject "KiliaroTest" */;
			compatibilityVersion = "Xcode 13.0";
			developmentRegion = en;
			hasScannedForEncodings = 0;
			knownRegions = (
				en,
				Base,
			);
			mainGroup = 08AFD5E827C638CF00421DAD;
			productRefGroup = 08AFD5F227C638CF00421DAD /* Products */;
			projectDirPath = "";
			projectRoot = "";
			targets = (
				08AFD5F027C638CF00421DAD /* KiliaroTest */,
				08AFD60627C638D200421DAD /* KiliaroTestTests */,
				08AFD61027C638D200421DAD /* KiliaroTestUITests */,
			);
		};
/* End PBXProject section */

/* Begin PBXResourcesBuildPhase section */
		08AFD5EF27C638CF00421DAD /* Resources */ = {
			isa = PBXResourcesBuildPhase;
			buildActionMask = 2147483647;
			files = (
				08AFD60127C638D200421DAD /* LaunchScreen.storyboard in Resources */,
				08AFD5FE27C638D200421DAD /* Assets.xcassets in Resources */,
				08AFD5FC27C638CF00421DAD /* Main.storyboard in Resources */,
			);
			runOnlyForDeploymentPostprocessing = 0;
		};
		08AFD60527C638D200421DAD /* Resources */ = {
			isa = PBXResourcesBuildPhase;
			buildActionMask = 2147483647;
			files = (
			);
			runOnlyForDeploymentPostprocessing = 0;
		};
		08AFD60F27C638D200421DAD /* Resources */ = {
			isa = PBXResourcesBuildPhase;
			buildActionMask = 2147483647;
			files = (
			);
			runOnlyForDeploymentPostprocessing = 0;
		};
/* End PBXResourcesBuildPhase section */

/* Begin PBXSourcesBuildPhase section */
		08AFD5ED27C638CF00421DAD /* Sources */ = {
			isa = PBXSourcesBuildPhase;
			buildActionMask = 2147483647;
			files = (
				08AFD5F927C638CF00421DAD /* ViewController.swift in Sources */,
				08AFD5F527C638CF00421DAD /* AppDelegate.swift in Sources */,
				08AFD5F727C638CF00421DAD /* SceneDelegate.swift in Sources */,
			);
			runOnlyForDeploymentPostprocessing = 0;
		};
		08AFD60327C638D200421DAD /* Sources */ = {
			isa = PBXSourcesBuildPhase;
			buildActionMask = 2147483647;
			files = (
				08AFD60C27C638D200421DAD /* KiliaroTestTests.swift in Sources */,
			);
			runOnlyForDeploymentPostprocessing = 0;
		};
		08AFD60D27C638D200421DAD /* Sources */ = {
			isa = PBXSourcesBuildPhase;
			buildActionMask = 2147483647;
			files = (
				08AFD61827C638D200421DAD /* KiliaroTestUITestsLaunchTests.swift in Sources */,
				08AFD61627C638D200421DAD /* KiliaroTestUITests.swift in Sources */,
			);
			runOnlyForDeploymentPostprocessing = 0;
		};
/* End PBXSourcesBuildPhase section */

/* Begin PBXTargetDependency section */
		08AFD60927C638D200421DAD /* PBXTargetDependency */ = {
			isa = PBXTargetDependency;
			target = 08AFD5F027C638CF00421DAD /* KiliaroTest */;
			targetProxy = 08AFD60827C638D200421DAD /* PBXContainerItemProxy */;
		};
		08AFD61327C638D200421DAD /* PBXTargetDependency */ = {
			isa = PBXTargetDependency;
			target = 08AFD5F027C638CF00421DAD /* KiliaroTest */;
			targetProxy = 08AFD61227C638D200421DAD /* PBXContainerItemProxy */;
		};
/* End PBXTargetDependency section */

/* Begin PBXVariantGroup section */
		08AFD5FA27C638CF00421DAD /* Main.storyboard */ = {
			isa = PBXVariantGroup;
			children = (
				08AFD5FB27C638CF00421DAD /* Base */,
			);
			name = Main.storyboard;
			sourceTree = "<group>";
		};
		08AFD5FF27C638D200421DAD /* LaunchScreen.storyboard */ = {
			isa = PBXVariantGroup;
			children = (
				08AFD60027C638D200421DAD /* Base */,
			);
			name = LaunchScreen.storyboard;
			sourceTree = "<group>";
		};
/* End PBXVariantGroup section */

/* Begin XCBuildConfiguration section */
		08AFD61927C638D200421DAD /* Debug */ = {
			isa = XCBuildConfiguration;
			buildSettings = {
				ALWAYS_SEARCH_USER_PATHS = NO;
				CLANG_ANALYZER_NONNULL = YES;
				CLANG_ANALYZER_NUMBER_OBJECT_CONVERSION = YES_AGGRESSIVE;
				CLANG_CXX_LANGUAGE_STANDARD = "gnu++17";
				CLANG_CXX_LIBRARY = "libc++";
				CLANG_ENABLE_MODULES = YES;
				CLANG_ENABLE_OBJC_ARC = YES;
				CLANG_ENABLE_OBJC_WEAK = YES;
				CLANG_WARN_BLOCK_CAPTURE_AUTORELEASING = YES;
				CLANG_WARN_BOOL_CONVERSION = YES;
				CLANG_WARN_COMMA = YES;
				CLANG_WARN_CONSTANT_CONVERSION = YES;
				CLANG_WARN_DEPRECATED_OBJC_IMPLEMENTATIONS = YES;
				CLANG_WARN_DIRECT_OBJC_ISA_USAGE = YES_ERROR;
				CLANG_WARN_DOCUMENTATION_COMMENTS = YES;
				CLANG_WARN_EMPTY_BODY = YES;
				CLANG_WARN_ENUM_CONVERSION = YES;
				CLANG_WARN_INFINITE_RECURSION = YES;
				CLANG_WARN_INT_CONVERSION = YES;
				CLANG_WARN_NON_LITERAL_NULL_CONVERSION = YES;
				CLANG_WARN_OBJC_IMPLICIT_RETAIN_SELF = YES;
				CLANG_WARN_OBJC_LITERAL_CONVERSION = YES;
				CLANG_WARN_OBJC_ROOT_CLASS = YES_ERROR;
				CLANG_WARN_QUOTED_INCLUDE_IN_FRAMEWORK_HEADER = YES;
				CLANG_WARN_RANGE_LOOP_ANALYSIS = YES;
				CLANG_WARN_STRICT_PROTOTYPES = YES;
				CLANG_WARN_SUSPICIOUS_MOVE = YES;
				CLANG_WARN_UNGUARDED_AVAILABILITY = YES_AGGRESSIVE;
				CLANG_WARN_UNREACHABLE_CODE = YES;
				CLANG_WARN__DUPLICATE_METHOD_MATCH = YES;
				COPY_PHASE_STRIP = NO;
				DEBUG_INFORMATION_FORMAT = dwarf;
				ENABLE_STRICT_OBJC_MSGSEND = YES;
				ENABLE_TESTABILITY = YES;
				GCC_C_LANGUAGE_STANDARD = gnu11;
				GCC_DYNAMIC_NO_PIC = NO;
				GCC_NO_COMMON_BLOCKS = YES;
				GCC_OPTIMIZATION_LEVEL = 0;
				GCC_PREPROCESSOR_DEFINITIONS = (
					"DEBUG=1",
					"$(inherited)",
				);
				GCC_WARN_64_TO_32_BIT_CONVERSION = YES;
				GCC_WARN_ABOUT_RETURN_TYPE = YES_ERROR;
				GCC_WARN_UNDECLARED_SELECTOR = YES;
				GCC_WARN_UNINITIALIZED_AUTOS = YES_AGGRESSIVE;
				GCC_WARN_UNUSED_FUNCTION = YES;
				GCC_WARN_UNUSED_VARIABLE = YES;
				IPHONEOS_DEPLOYMENT_TARGET = 15.0;
				MTL_ENABLE_DEBUG_INFO = INCLUDE_SOURCE;
				MTL_FAST_MATH = YES;
				ONLY_ACTIVE_ARCH = YES;
				SDKROOT = iphoneos;
				SWIFT_ACTIVE_COMPILATION_CONDITIONS = DEBUG;
				SWIFT_OPTIMIZATION_LEVEL = "-Onone";
			};
			name = Debug;
		};
		08AFD61A27C638D200421DAD /* Release */ = {
			isa = XCBuildConfiguration;
			buildSettings = {
				ALWAYS_SEARCH_USER_PATHS = NO;
				CLANG_ANALYZER_NONNULL = YES;
				CLANG_ANALYZER_NUMBER_OBJECT_CONVERSION = YES_AGGRESSIVE;
				CLANG_CXX_LANGUAGE_STANDARD = "gnu++17";
				CLANG_CXX_LIBRARY = "libc++";
				CLANG_ENABLE_MODULES = YES;
				CLANG_ENABLE_OBJC_ARC = YES;
				CLANG_ENABLE_OBJC_WEAK = YES;
				CLANG_WARN_BLOCK_CAPTURE_AUTORELEASING = YES;
				CLANG_WARN_BOOL_CONVERSION = YES;
				CLANG_WARN_COMMA = YES;
				CLANG_WARN_CONSTANT_CONVERSION = YES;
				CLANG_WARN_DEPRECATED_OBJC_IMPLEMENTATIONS = YES;
				CLANG_WARN_DIRECT_OBJC_ISA_USAGE = YES_ERROR;
				CLANG_WARN_DOCUMENTATION_COMMENTS = YES;
				CLANG_WARN_EMPTY_BODY = YES;
				CLANG_WARN_ENUM_CONVERSION = YES;
				CLANG_WARN_INFINITE_RECURSION = YES;
				CLANG_WARN_INT_CONVERSION = YES;
				CLANG_WARN_NON_LITERAL_NULL_CONVERSION = YES;
				CLANG_WARN_OBJC_IMPLICIT_RETAIN_SELF = YES;
				CLANG_WARN_OBJC_LITERAL_CONVERSION = YES;
				CLANG_WARN_OBJC_ROOT_CLASS = YES_ERROR;
				CLANG_WARN_QUOTED_INCLUDE_IN_FRAMEWORK_HEADER = YES;
				CLANG_WARN_RANGE_LOOP_ANALYSIS = YES;
				CLANG_WARN_STRICT_PROTOTYPES = YES;
				CLANG_WARN_SUSPICIOUS_MOVE = YES;
				CLANG_WARN_UNGUARDED_AVAILABILITY = YES_AGGRESSIVE;
				CLANG_WARN_UNREACHABLE_CODE = YES;
				CLANG_WARN__DUPLICATE_METHOD_MATCH = YES;
				COPY_PHASE_STRIP = NO;
				DEBUG_INFORMATION_FORMAT = "dwarf-with-dsym";
				ENABLE_NS_ASSERTIONS = NO;
				ENABLE_STRICT_OBJC_MSGSEND = YES;
				GCC_C_LANGUAGE_STANDARD = gnu11;
				GCC_NO_COMMON_BLOCKS = YES;
				GCC_WARN_64_TO_32_BIT_CONVERSION = YES;
				GCC_WARN_ABOUT_RETURN_TYPE = YES_ERROR;
				GCC_WARN_UNDECLARED_SELECTOR = YES;
				GCC_WARN_UNINITIALIZED_AUTOS = YES_AGGRESSIVE;
				GCC_WARN_UNUSED_FUNCTION = YES;
				GCC_WARN_UNUSED_VARIABLE = YES;
				IPHONEOS_DEPLOYMENT_TARGET = 15.0;
				MTL_ENABLE_DEBUG_INFO = NO;
				MTL_FAST_MATH = YES;
				SDKROOT = iphoneos;
				SWIFT_COMPILATION_MODE = wholemodule;
				SWIFT_OPTIMIZATION_LEVEL = "-O";
				VALIDATE_PRODUCT = YES;
			};
			name = Release;
		};
		08AFD61C27C638D200421DAD /* Debug */ = {
			isa = XCBuildConfiguration;
			buildSettings = {
				ASSETCATALOG_COMPILER_APPICON_NAME = AppIcon;
				ASSETCATALOG_COMPILER_GLOBAL_ACCENT_COLOR_NAME = AccentColor;
				CODE_SIGN_STYLE = Automatic;
				CURRENT_PROJECT_VERSION = 1;
				GENERATE_INFOPLIST_FILE = YES;
				INFOPLIST_FILE = KiliaroTest/Info.plist;
				INFOPLIST_KEY_UIApplicationSupportsIndirectInputEvents = YES;
				INFOPLIST_KEY_UILaunchStoryboardName = LaunchScreen;
				INFOPLIST_KEY_UIMainStoryboardFile = Main;
				INFOPLIST_KEY_UISupportedInterfaceOrientations_iPad = "UIInterfaceOrientationPortrait UIInterfaceOrientationPortraitUpsideDown UIInterfaceOrientationLandscapeLeft UIInterfaceOrientationLandscapeRight";
				INFOPLIST_KEY_UISupportedInterfaceOrientations_iPhone = "UIInterfaceOrientationPortrait UIInterfaceOrientationLandscapeLeft UIInterfaceOrientationLandscapeRight";
				LD_RUNPATH_SEARCH_PATHS = (
					"$(inherited)",
					"@executable_path/Frameworks",
				);
				MARKETING_VERSION = 1.0;
				PRODUCT_BUNDLE_IDENTIFIER = test.KiliaroTest;
				PRODUCT_NAME = "$(TARGET_NAME)";
				SWIFT_EMIT_LOC_STRINGS = YES;
				SWIFT_VERSION = 5.0;
				TARGETED_DEVICE_FAMILY = "1,2";
			};
			name = Debug;
		};
		08AFD61D27C638D200421DAD /* Release */ = {
			isa = XCBuildConfiguration;
			buildSettings = {
				ASSETCATALOG_COMPILER_APPICON_NAME = AppIcon;
				ASSETCATALOG_COMPILER_GLOBAL_ACCENT_COLOR_NAME = AccentColor;
				CODE_SIGN_STYLE = Automatic;
				CURRENT_PROJECT_VERSION = 1;
				GENERATE_INFOPLIST_FILE = YES;
				INFOPLIST_FILE = KiliaroTest/Info.plist;
				INFOPLIST_KEY_UIApplicationSupportsIndirectInputEvents = YES;
				INFOPLIST_KEY_UILaunchStoryboardName = LaunchScreen;
				INFOPLIST_KEY_UIMainStoryboardFile = Main;
				INFOPLIST_KEY_UISupportedInterfaceOrientations_iPad = "UIInterfaceOrientationPortrait UIInterfaceOrientationPortraitUpsideDown UIInterfaceOrientationLandscapeLeft UIInterfaceOrientationLandscapeRight";
				INFOPLIST_KEY_UISupportedInterfaceOrientations_iPhone = "UIInterfaceOrientationPortrait UIInterfaceOrientationLandscapeLeft UIInterfaceOrientationLandscapeRight";
				LD_RUNPATH_SEARCH_PATHS = (
					"$(inherited)",
					"@executable_path/Frameworks",
				);
				MARKETING_VERSION = 1.0;
				PRODUCT_BUNDLE_IDENTIFIER = test.KiliaroTest;
				PRODUCT_NAME = "$(TARGET_NAME)";
				SWIFT_EMIT_LOC_STRINGS = YES;
				SWIFT_VERSION = 5.0;
				TARGETED_DEVICE_FAMILY = "1,2";
			};
			name = Release;
		};
		08AFD61F27C638D200421DAD /* Debug */ = {
			isa = XCBuildConfiguration;
			buildSettings = {
				ALWAYS_EMBED_SWIFT_STANDARD_LIBRARIES = YES;
				BUNDLE_LOADER = "$(TEST_HOST)";
				CODE_SIGN_STYLE = Automatic;
				CURRENT_PROJECT_VERSION = 1;
				GENERATE_INFOPLIST_FILE = YES;
				IPHONEOS_DEPLOYMENT_TARGET = 15.0;
				LD_RUNPATH_SEARCH_PATHS = (
					"$(inherited)",
					"@executable_path/Frameworks",
					"@loader_path/Frameworks",
				);
				MARKETING_VERSION = 1.0;
				PRODUCT_BUNDLE_IDENTIFIER = test.KiliaroTestTests;
				PRODUCT_NAME = "$(TARGET_NAME)";
				SWIFT_EMIT_LOC_STRINGS = NO;
				SWIFT_VERSION = 5.0;
				TARGETED_DEVICE_FAMILY = "1,2";
				TEST_HOST = "$(BUILT_PRODUCTS_DIR)/KiliaroTest.app/KiliaroTest";
			};
			name = Debug;
		};
		08AFD62027C638D200421DAD /* Release */ = {
			isa = XCBuildConfiguration;
			buildSettings = {
				ALWAYS_EMBED_SWIFT_STANDARD_LIBRARIES = YES;
				BUNDLE_LOADER = "$(TEST_HOST)";
				CODE_SIGN_STYLE = Automatic;
				CURRENT_PROJECT_VERSION = 1;
				GENERATE_INFOPLIST_FILE = YES;
				IPHONEOS_DEPLOYMENT_TARGET = 15.0;
				LD_RUNPATH_SEARCH_PATHS = (
					"$(inherited)",
					"@executable_path/Frameworks",
					"@loader_path/Frameworks",
				);
				MARKETING_VERSION = 1.0;
				PRODUCT_BUNDLE_IDENTIFIER = test.KiliaroTestTests;
				PRODUCT_NAME = "$(TARGET_NAME)";
				SWIFT_EMIT_LOC_STRINGS = NO;
				SWIFT_VERSION = 5.0;
				TARGETED_DEVICE_FAMILY = "1,2";
				TEST_HOST = "$(BUILT_PRODUCTS_DIR)/KiliaroTest.app/KiliaroTest";
			};
			name = Release;
		};
		08AFD62227C638D200421DAD /* Debug */ = {
			isa = XCBuildConfiguration;
			buildSettings = {
				ALWAYS_EMBED_SWIFT_STANDARD_LIBRARIES = YES;
				CODE_SIGN_STYLE = Automatic;
				CURRENT_PROJECT_VERSION = 1;
				GENERATE_INFOPLIST_FILE = YES;
				LD_RUNPATH_SEARCH_PATHS = (
					"$(inherited)",
					"@executable_path/Frameworks",
					"@loader_path/Frameworks",
				);
				MARKETING_VERSION = 1.0;
				PRODUCT_BUNDLE_IDENTIFIER = test.KiliaroTestUITests;
				PRODUCT_NAME = "$(TARGET_NAME)";
				SWIFT_EMIT_LOC_STRINGS = NO;
				SWIFT_VERSION = 5.0;
				TARGETED_DEVICE_FAMILY = "1,2";
				TEST_TARGET_NAME = KiliaroTest;
			};
			name = Debug;
		};
		08AFD62327C638D200421DAD /* Release */ = {
			isa = XCBuildConfiguration;
			buildSettings = {
				ALWAYS_EMBED_SWIFT_STANDARD_LIBRARIES = YES;
				CODE_SIGN_STYLE = Automatic;
				CURRENT_PROJECT_VERSION = 1;
				GENERATE_INFOPLIST_FILE = YES;
				LD_RUNPATH_SEARCH_PATHS = (
					"$(inherited)",
					"@executable_path/Frameworks",
					"@loader_path/Frameworks",
				);
				MARKETING_VERSION = 1.0;
				PRODUCT_BUNDLE_IDENTIFIER = test.KiliaroTestUITests;
				PRODUCT_NAME = "$(TARGET_NAME)";
				SWIFT_EMIT_LOC_STRINGS = NO;
				SWIFT_VERSION = 5.0;
				TARGETED_DEVICE_FAMILY = "1,2";
				TEST_TARGET_NAME = KiliaroTest;
			};
			name = Release;
		};
/* End XCBuildConfiguration section */

/* Begin XCConfigurationList section */
		08AFD5EC27C638CF00421DAD /* Build configuration list for PBXProject "KiliaroTest" */ = {
			isa = XCConfigurationList;
			buildConfigurations = (
				08AFD61927C638D200421DAD /* Debug */,
				08AFD61A27C638D200421DAD /* Release */,
			);
			defaultConfigurationIsVisible = 0;
			defaultConfigurationName = Release;
		};
		08AFD61B27C638D200421DAD /* Build configuration list for PBXNativeTarget "KiliaroTest" */ = {
			isa = XCConfigurationList;
			buildConfigurations = (
				08AFD61C27C638D200421DAD /* Debug */,
				08AFD61D27C638D200421DAD /* Release */,
			);
			defaultConfigurationIsVisible = 0;
			defaultConfigurationName = Release;
		};
		08AFD61E27C638D200421DAD /* Build configuration list for PBXNativeTarget "KiliaroTestTests" */ = {
			isa = XCConfigurationList;
			buildConfigurations = (
				08AFD61F27C638D200421DAD /* Debug */,
				08AFD62027C638D200421DAD /* Release */,
			);
			defaultConfigurationIsVisible = 0;
			defaultConfigurationName = Release;
		};
		08AFD62127C638D200421DAD /* Build configuration list for PBXNativeTarget "KiliaroTestUITests" */ = {
			isa = XCConfigurationList;
			buildConfigurations = (
				08AFD62227C638D200421DAD /* Debug */,
				08AFD62327C638D200421DAD /* Release */,
			);
			defaultConfigurationIsVisible = 0;
			defaultConfigurationName = Release;
		};
/* End XCConfigurationList section */
	};
	rootObject = 08AFD5E927C638CF00421DAD /* Project object */;
}
